{
  "version": 4,
  "terraform_version": "1.13.3",
  "serial": 5,
  "lineage": "c3110e3b-31a0-6611-5c55-976ca47d8c50",
  "outputs": {
    "hello_path": {
      "value": "./hello.txt",
      "type": "string"
    }
  },
  "resources": [
    {
      "mode": "managed",
      "type": "local_file",
      "name": "hello",
      "provider": "provider[\"registry.terraform.io/hashicorp/local\"]",
      "instances": [
        {
          "schema_version": 0,
          "attributes": {
            "content": "Hola desde Terraform usando la extensión Help Deploy!",
            "content_base64": null,
            "content_base64sha256": "Q/Yc92fq1P5d3BqZE0oCOjcLzzcCGeovyPw2Z/FqQRM=",
            "content_base64sha512": "EgKiWd3e6s67EF/gkPZNPLnLgHZMFcUtJpcbXA61VqI/ZKvXv/FIGIIDXuc+8v15rQ2jQ1+m4jGWctFlJCwWfg==",
            "content_md5": "a49f727001abbb607148eb9a0eda0597",
            "content_sha1": "fef3ec9e5e86818e9d34553b4982c238d8ee1764",
            "content_sha256": "43f61cf767ead4fe5ddc1a99134a023a370bcf370219ea2fc8fc3667f16a4113",
            "content_sha512": "1202a259dddeeacebb105fe090f64d3cb9cb80764c15c52d26971b5c0eb556a23f64abd7bff1481882035ee73ef2fd79ad0da3435fa6e2319672d165242c167e",
            "directory_permission": "0777",
            "file_permission": "0777",
            "filename": "./hello.txt",
            "id": "fef3ec9e5e86818e9d34553b4982c238d8ee1764",
            "sensitive_content": null,
            "source": null
          },
          "sensitive_attributes": [
            [
              {
                "type": "get_attr",
                "value": "sensitive_content"
              }
            ]
          ],
          "identity_schema_version": 0
        }
      ]
    }
  ],
  "check_results": null
}
